// !$*UTF8*$!
{
	archiveVersion = 1;
	classes = {
	};
	objectVersion = 46;
	objects = {

/* Begin PBXBuildFile section */
		050A1D53164A19500060AD3E /* MHTabBarActiveTab.png in Resources */ = {isa = PBXBuildFile; fileRef = 050A1D52164A19500060AD3E /* MHTabBarActiveTab.png */; };
		050A1D55164A21810060AD3E /* tab_select_bg.png in Resources */ = {isa = PBXBuildFile; fileRef = 050A1D54164A21810060AD3E /* tab_select_bg.png */; };
		050A1D76164A3F0E0060AD3E /* Paging.m in Sources */ = {isa = PBXBuildFile; fileRef = 050A1D75164A3F0E0060AD3E /* Paging.m */; };
		056FC1CA164A0BE20083542B /* VCCustomNavigationBar.m in Sources */ = {isa = PBXBuildFile; fileRef = 056FC1C9164A0BE20083542B /* VCCustomNavigationBar.m */; settings = {COMPILER_FLAGS = "-fobjc-arc"; }; };
		056FC1D0164A0C520083542B /* portraitBarBackground.png in Resources */ = {isa = PBXBuildFile; fileRef = 056FC1CC164A0C520083542B /* portraitBarBackground.png */; };
		056FC1D1164A0C520083542B /* portraitBarBackground@2x.png in Resources */ = {isa = PBXBuildFile; fileRef = 056FC1CD164A0C520083542B /* portraitBarBackground@2x.png */; };
		056FC1D2164A0C520083542B /* landscapeBarBackground.png in Resources */ = {isa = PBXBuildFile; fileRef = 056FC1CE164A0C520083542B /* landscapeBarBackground.png */; };
		056FC1D3164A0C520083542B /* landscapeBarBackground@2x.png in Resources */ = {isa = PBXBuildFile; fileRef = 056FC1CF164A0C520083542B /* landscapeBarBackground@2x.png */; };
		057404FA1641126000807130 /* UIKit.framework in Frameworks */ = {isa = PBXBuildFile; fileRef = 057404F91641126000807130 /* UIKit.framework */; };
		057404FC1641126000807130 /* Foundation.framework in Frameworks */ = {isa = PBXBuildFile; fileRef = 057404FB1641126000807130 /* Foundation.framework */; };
		057404FE1641126000807130 /* CoreGraphics.framework in Frameworks */ = {isa = PBXBuildFile; fileRef = 057404FD1641126000807130 /* CoreGraphics.framework */; };
		057405041641126000807130 /* InfoPlist.strings in Resources */ = {isa = PBXBuildFile; fileRef = 057405021641126000807130 /* InfoPlist.strings */; };
		057405061641126000807130 /* main.m in Sources */ = {isa = PBXBuildFile; fileRef = 057405051641126000807130 /* main.m */; };
		0574050A1641126000807130 /* AppDelegate.m in Sources */ = {isa = PBXBuildFile; fileRef = 057405091641126000807130 /* AppDelegate.m */; };
		0574050D1641126000807130 /* ViewController.m in Sources */ = {isa = PBXBuildFile; fileRef = 0574050C1641126000807130 /* ViewController.m */; };
		057405101641126000807130 /* ViewController.xib in Resources */ = {isa = PBXBuildFile; fileRef = 0574050E1641126000807130 /* ViewController.xib */; };
		057405171641131F00807130 /* SystemConfiguration.framework in Frameworks */ = {isa = PBXBuildFile; fileRef = 057405161641131F00807130 /* SystemConfiguration.framework */; };
		057405191641132B00807130 /* Security.framework in Frameworks */ = {isa = PBXBuildFile; fileRef = 057405181641132B00807130 /* Security.framework */; };
		0574051B1641134700807130 /* CFNetwork.framework in Frameworks */ = {isa = PBXBuildFile; fileRef = 0574051A1641134700807130 /* CFNetwork.framework */; };
		057405321641139000807130 /* NSAlert+MKNetworkKitAdditions.m in Sources */ = {isa = PBXBuildFile; fileRef = 0574051F1641139000807130 /* NSAlert+MKNetworkKitAdditions.m */; settings = {COMPILER_FLAGS = "-fobjc-arc"; }; };
		057405331641139000807130 /* NSData+Base64.m in Sources */ = {isa = PBXBuildFile; fileRef = 057405211641139000807130 /* NSData+Base64.m */; settings = {COMPILER_FLAGS = "-fobjc-arc"; }; };
		057405341641139000807130 /* NSDate+RFC1123.m in Sources */ = {isa = PBXBuildFile; fileRef = 057405231641139000807130 /* NSDate+RFC1123.m */; settings = {COMPILER_FLAGS = "-fobjc-arc"; }; };
		057405351641139000807130 /* NSDictionary+RequestEncoding.m in Sources */ = {isa = PBXBuildFile; fileRef = 057405251641139000807130 /* NSDictionary+RequestEncoding.m */; settings = {COMPILER_FLAGS = "-fobjc-arc"; }; };
		057405361641139000807130 /* NSString+MKNetworkKitAdditions.m in Sources */ = {isa = PBXBuildFile; fileRef = 057405271641139000807130 /* NSString+MKNetworkKitAdditions.m */; settings = {COMPILER_FLAGS = "-fobjc-arc"; }; };
		057405371641139000807130 /* UIAlertView+MKNetworkKitAdditions.m in Sources */ = {isa = PBXBuildFile; fileRef = 057405291641139000807130 /* UIAlertView+MKNetworkKitAdditions.m */; settings = {COMPILER_FLAGS = "-fobjc-arc"; }; };
		057405381641139000807130 /* MKNetworkEngine.m in Sources */ = {isa = PBXBuildFile; fileRef = 0574052B1641139000807130 /* MKNetworkEngine.m */; settings = {COMPILER_FLAGS = "-fobjc-arc"; }; };
		057405391641139000807130 /* MKNetworkOperation.m in Sources */ = {isa = PBXBuildFile; fileRef = 0574052E1641139000807130 /* MKNetworkOperation.m */; settings = {COMPILER_FLAGS = "-fobjc-arc"; }; };
		0574053A1641139000807130 /* Reachability.m in Sources */ = {isa = PBXBuildFile; fileRef = 057405311641139000807130 /* Reachability.m */; settings = {COMPILER_FLAGS = "-fobjc-arc"; }; };
		05A8C7D016437B1600CA9B9C /* IndexViewController.m in Sources */ = {isa = PBXBuildFile; fileRef = 05A8C7CF16437B1600CA9B9C /* IndexViewController.m */; };
		05A8C7D416437B3100CA9B9C /* MoreViewController.m in Sources */ = {isa = PBXBuildFile; fileRef = 05A8C7D316437B3100CA9B9C /* MoreViewController.m */; };
		05A8C7D716437B7600CA9B9C /* OtherViewController.m in Sources */ = {isa = PBXBuildFile; fileRef = 05A8C7D616437B7600CA9B9C /* OtherViewController.m */; };
		05A8C7E81643814700CA9B9C /* appMarket.png in Resources */ = {isa = PBXBuildFile; fileRef = 05A8C7E01643814700CA9B9C /* appMarket.png */; };
		05A8C7E91643814700CA9B9C /* appMarket@2x.png in Resources */ = {isa = PBXBuildFile; fileRef = 05A8C7E11643814700CA9B9C /* appMarket@2x.png */; };
		05A8C7EA1643814700CA9B9C /* business.png in Resources */ = {isa = PBXBuildFile; fileRef = 05A8C7E21643814700CA9B9C /* business.png */; };
		05A8C7EB1643814700CA9B9C /* business@2x.png in Resources */ = {isa = PBXBuildFile; fileRef = 05A8C7E31643814700CA9B9C /* business@2x.png */; };
		05A8C7EC1643814700CA9B9C /* homeItem.png in Resources */ = {isa = PBXBuildFile; fileRef = 05A8C7E41643814700CA9B9C /* homeItem.png */; };
		05A8C7ED1643814700CA9B9C /* homeItem@2x.png in Resources */ = {isa = PBXBuildFile; fileRef = 05A8C7E51643814700CA9B9C /* homeItem@2x.png */; };
		05A8C7EE1643814700CA9B9C /* settItem.png in Resources */ = {isa = PBXBuildFile; fileRef = 05A8C7E61643814700CA9B9C /* settItem.png */; };
		05A8C7EF1643814700CA9B9C /* settItem@2x.png in Resources */ = {isa = PBXBuildFile; fileRef = 05A8C7E71643814700CA9B9C /* settItem@2x.png */; };
		05A8C7F2164395AD00CA9B9C /* surf_gradient_textured_32.png in Resources */ = {isa = PBXBuildFile; fileRef = 05A8C7F0164395AD00CA9B9C /* surf_gradient_textured_32.png */; };
		05A8C7F3164395AD00CA9B9C /* surf_gradient_textured_44.png in Resources */ = {isa = PBXBuildFile; fileRef = 05A8C7F1164395AD00CA9B9C /* surf_gradient_textured_44.png */; };
		05A8C7F51643965500CA9B9C /* tab_select_indicator.png in Resources */ = {isa = PBXBuildFile; fileRef = 05A8C7F41643965500CA9B9C /* tab_select_indicator.png */; };
		05A8C7F71643966000CA9B9C /* bg_sand.png in Resources */ = {isa = PBXBuildFile; fileRef = 05A8C7F61643966000CA9B9C /* bg_sand.png */; };
		05A8C7FC164396EE00CA9B9C /* button_back_textured_24.png in Resources */ = {isa = PBXBuildFile; fileRef = 05A8C7F8164396EE00CA9B9C /* button_back_textured_24.png */; };
		05A8C7FD164396EE00CA9B9C /* button_back_textured_30.png in Resources */ = {isa = PBXBuildFile; fileRef = 05A8C7F9164396EE00CA9B9C /* button_back_textured_30.png */; };
		05A8C7FE164396EE00CA9B9C /* button_textured_24.png in Resources */ = {isa = PBXBuildFile; fileRef = 05A8C7FA164396EE00CA9B9C /* button_textured_24.png */; };
		05A8C7FF164396EE00CA9B9C /* button_textured_30.png in Resources */ = {isa = PBXBuildFile; fileRef = 05A8C7FB164396EE00CA9B9C /* button_textured_30.png */; };
		05A8C8021643995A00CA9B9C /* DetailViewController.m in Sources */ = {isa = PBXBuildFile; fileRef = 05A8C8011643995900CA9B9C /* DetailViewController.m */; };
		05A8C8391643ABD700CA9B9C /* icon.png in Resources */ = {isa = PBXBuildFile; fileRef = 05A8C8351643ABD600CA9B9C /* icon.png */; };
		05A8C83A1643ABD700CA9B9C /* icon@2x.png in Resources */ = {isa = PBXBuildFile; fileRef = 05A8C8361643ABD700CA9B9C /* icon@2x.png */; };
		05A8C83D1643ABF300CA9B9C /* image_topBar.png in Resources */ = {isa = PBXBuildFile; fileRef = 05A8C83B1643ABF300CA9B9C /* image_topBar.png */; };
		05A8C83E1643ABF300CA9B9C /* imageTabbar.png in Resources */ = {isa = PBXBuildFile; fileRef = 05A8C83C1643ABF300CA9B9C /* imageTabbar.png */; };
		05B1451C16425F79007F2F4F /* JSONKit.m in Sources */ = {isa = PBXBuildFile; fileRef = 05B1451B16425F79007F2F4F /* JSONKit.m */; };
		05B1452216426021007F2F4F /* MBProgressHUD.m in Sources */ = {isa = PBXBuildFile; fileRef = 05B1452116426021007F2F4F /* MBProgressHUD.m */; };
		05B1452F16426239007F2F4F /* LoginViewController.m in Sources */ = {isa = PBXBuildFile; fileRef = 05B1452E16426239007F2F4F /* LoginViewController.m */; };
		05B14539164264E6007F2F4F /* DataModel.m in Sources */ = {isa = PBXBuildFile; fileRef = 05B14538164264E6007F2F4F /* DataModel.m */; };
		05B1453C1642662F007F2F4F /* ToolSet.m in Sources */ = {isa = PBXBuildFile; fileRef = 05B1453B1642662F007F2F4F /* ToolSet.m */; };
		05B14541164267E8007F2F4F /* btn_clicked.png in Resources */ = {isa = PBXBuildFile; fileRef = 05B1453D164267E8007F2F4F /* btn_clicked.png */; };
		05B14542164267E8007F2F4F /* btn_unclicked.png in Resources */ = {isa = PBXBuildFile; fileRef = 05B1453E164267E8007F2F4F /* btn_unclicked.png */; };
		05B14543164267E8007F2F4F /* checkbox_checked.png in Resources */ = {isa = PBXBuildFile; fileRef = 05B1453F164267E8007F2F4F /* checkbox_checked.png */; };
		05B14544164267E8007F2F4F /* checkbox_nor.png in Resources */ = {isa = PBXBuildFile; fileRef = 05B14540164267E8007F2F4F /* checkbox_nor.png */; };
		05B14546164268DC007F2F4F /* tab_bg.png in Resources */ = {isa = PBXBuildFile; fileRef = 05B14545164268DC007F2F4F /* tab_bg.png */; };
		05B1454D16427466007F2F4F /* DataParser.m in Sources */ = {isa = PBXBuildFile; fileRef = 05B1454C16427466007F2F4F /* DataParser.m */; };
		05B733581648FE6600FF4E60 /* image_goBack.png in Resources */ = {isa = PBXBuildFile; fileRef = 05B733571648FE6600FF4E60 /* image_goBack.png */; };
		05B7336D1649173000FF4E60 /* VCTranslucentBarButtonItem.m in Sources */ = {isa = PBXBuildFile; fileRef = 05B7336C1649173000FF4E60 /* VCTranslucentBarButtonItem.m */; };
		05B733711649179F00FF4E60 /* backwardbutton.png in Resources */ = {isa = PBXBuildFile; fileRef = 05B7336F1649179F00FF4E60 /* backwardbutton.png */; };
		05B733721649179F00FF4E60 /* backwardbutton@2x.png in Resources */ = {isa = PBXBuildFile; fileRef = 05B733701649179F00FF4E60 /* backwardbutton@2x.png */; };
		05C6FE401651E235004B221A /* Default.png in Resources */ = {isa = PBXBuildFile; fileRef = 05C6FE3E1651E233004B221A /* Default.png */; };
		05C6FE411651E235004B221A /* Default@2x.png in Resources */ = {isa = PBXBuildFile; fileRef = 05C6FE3F1651E234004B221A /* Default@2x.png */; };
		05C6FE441651E252004B221A /* imageLogin.png in Resources */ = {isa = PBXBuildFile; fileRef = 05C6FE421651E252004B221A /* imageLogin.png */; };
		05C6FE451651E252004B221A /* imageLogin@2x.png in Resources */ = {isa = PBXBuildFile; fileRef = 05C6FE431651E252004B221A /* imageLogin@2x.png */; };
		05C6FE4C1651E3DE004B221A /* CycleScrollView.m in Sources */ = {isa = PBXBuildFile; fileRef = 05C6FE4B1651E3DE004B221A /* CycleScrollView.m */; };
		05C6FE4E1651E50C004B221A /* AdImageDefault.png in Resources */ = {isa = PBXBuildFile; fileRef = 05C6FE4D1651E50C004B221A /* AdImageDefault.png */; };
		05C6FE5C1651E7E8004B221A /* EGORefreshTableHeaderView.m in Sources */ = {isa = PBXBuildFile; fileRef = 05C6FE5B1651E7E8004B221A /* EGORefreshTableHeaderView.m */; };
		05C6FE5F1651E815004B221A /* TableView.m in Sources */ = {isa = PBXBuildFile; fileRef = 05C6FE5E1651E814004B221A /* TableView.m */; };
		05C6FE611651E928004B221A /* QuartzCore.framework in Frameworks */ = {isa = PBXBuildFile; fileRef = 05C6FE601651E927004B221A /* QuartzCore.framework */; };
		05C6FE6C16521EEF004B221A /* BaseController.m in Sources */ = {isa = PBXBuildFile; fileRef = 05C6FE6B16521EED004B221A /* BaseController.m */; };
		05C6FE6F16522DA7004B221A /* TestViewController.m in Sources */ = {isa = PBXBuildFile; fileRef = 05C6FE6E16522DA2004B221A /* TestViewController.m */; };
/* End PBXBuildFile section */

/* Begin PBXFileReference section */
		050A1D52164A19500060AD3E /* MHTabBarActiveTab.png */ = {isa = PBXFileReference; lastKnownFileType = image.png; path = MHTabBarActiveTab.png; sourceTree = "<group>"; };
		050A1D54164A21810060AD3E /* tab_select_bg.png */ = {isa = PBXFileReference; lastKnownFileType = image.png; path = tab_select_bg.png; sourceTree = "<group>"; };
		050A1D74164A3F0E0060AD3E /* Paging.h */ = {isa = PBXFileReference; fileEncoding = 4; lastKnownFileType = sourcecode.c.h; path = Paging.h; sourceTree = "<group>"; };
		050A1D75164A3F0E0060AD3E /* Paging.m */ = {isa = PBXFileReference; fileEncoding = 4; lastKnownFileType = sourcecode.c.objc; path = Paging.m; sourceTree = "<group>"; };
		056FC1C8164A0BE20083542B /* VCCustomNavigationBar.h */ = {isa = PBXFileReference; fileEncoding = 4; lastKnownFileType = sourcecode.c.h; path = VCCustomNavigationBar.h; sourceTree = "<group>"; };
		056FC1C9164A0BE20083542B /* VCCustomNavigationBar.m */ = {isa = PBXFileReference; fileEncoding = 4; lastKnownFileType = sourcecode.c.objc; path = VCCustomNavigationBar.m; sourceTree = "<group>"; };
		056FC1CC164A0C520083542B /* portraitBarBackground.png */ = {isa = PBXFileReference; lastKnownFileType = image.png; path = portraitBarBackground.png; sourceTree = "<group>"; };
		056FC1CD164A0C520083542B /* portraitBarBackground@2x.png */ = {isa = PBXFileReference; lastKnownFileType = image.png; path = "portraitBarBackground@2x.png"; sourceTree = "<group>"; };
		056FC1CE164A0C520083542B /* landscapeBarBackground.png */ = {isa = PBXFileReference; lastKnownFileType = image.png; path = landscapeBarBackground.png; sourceTree = "<group>"; };
		056FC1CF164A0C520083542B /* landscapeBarBackground@2x.png */ = {isa = PBXFileReference; lastKnownFileType = image.png; path = "landscapeBarBackground@2x.png"; sourceTree = "<group>"; };
		057404F51641126000807130 /* BaseSample.app */ = {isa = PBXFileReference; explicitFileType = wrapper.application; includeInIndex = 0; path = BaseSample.app; sourceTree = BUILT_PRODUCTS_DIR; };
		057404F91641126000807130 /* UIKit.framework */ = {isa = PBXFileReference; lastKnownFileType = wrapper.framework; name = UIKit.framework; path = System/Library/Frameworks/UIKit.framework; sourceTree = SDKROOT; };
		057404FB1641126000807130 /* Foundation.framework */ = {isa = PBXFileReference; lastKnownFileType = wrapper.framework; name = Foundation.framework; path = System/Library/Frameworks/Foundation.framework; sourceTree = SDKROOT; };
		057404FD1641126000807130 /* CoreGraphics.framework */ = {isa = PBXFileReference; lastKnownFileType = wrapper.framework; name = CoreGraphics.framework; path = System/Library/Frameworks/CoreGraphics.framework; sourceTree = SDKROOT; };
		057405011641126000807130 /* BaseSample-Info.plist */ = {isa = PBXFileReference; lastKnownFileType = text.plist.xml; path = "BaseSample-Info.plist"; sourceTree = "<group>"; };
		057405031641126000807130 /* en */ = {isa = PBXFileReference; lastKnownFileType = text.plist.strings; name = en; path = en.lproj/InfoPlist.strings; sourceTree = "<group>"; };
		057405051641126000807130 /* main.m */ = {isa = PBXFileReference; lastKnownFileType = sourcecode.c.objc; path = main.m; sourceTree = "<group>"; };
		057405071641126000807130 /* BaseSample-Prefix.pch */ = {isa = PBXFileReference; lastKnownFileType = sourcecode.c.h; path = "BaseSample-Prefix.pch"; sourceTree = "<group>"; };
		057405081641126000807130 /* AppDelegate.h */ = {isa = PBXFileReference; lastKnownFileType = sourcecode.c.h; path = AppDelegate.h; sourceTree = "<group>"; };
		057405091641126000807130 /* AppDelegate.m */ = {isa = PBXFileReference; lastKnownFileType = sourcecode.c.objc; path = AppDelegate.m; sourceTree = "<group>"; };
		0574050B1641126000807130 /* ViewController.h */ = {isa = PBXFileReference; lastKnownFileType = sourcecode.c.h; path = ViewController.h; sourceTree = "<group>"; };
		0574050C1641126000807130 /* ViewController.m */ = {isa = PBXFileReference; lastKnownFileType = sourcecode.c.objc; path = ViewController.m; sourceTree = "<group>"; };
		0574050F1641126000807130 /* en */ = {isa = PBXFileReference; lastKnownFileType = file.xib; name = en; path = en.lproj/ViewController.xib; sourceTree = "<group>"; };
		057405161641131F00807130 /* SystemConfiguration.framework */ = {isa = PBXFileReference; lastKnownFileType = wrapper.framework; name = SystemConfiguration.framework; path = System/Library/Frameworks/SystemConfiguration.framework; sourceTree = SDKROOT; };
		057405181641132B00807130 /* Security.framework */ = {isa = PBXFileReference; lastKnownFileType = wrapper.framework; name = Security.framework; path = System/Library/Frameworks/Security.framework; sourceTree = SDKROOT; };
		0574051A1641134700807130 /* CFNetwork.framework */ = {isa = PBXFileReference; lastKnownFileType = wrapper.framework; name = CFNetwork.framework; path = System/Library/Frameworks/CFNetwork.framework; sourceTree = SDKROOT; };
		0574051E1641139000807130 /* NSAlert+MKNetworkKitAdditions.h */ = {isa = PBXFileReference; fileEncoding = 4; lastKnownFileType = sourcecode.c.h; path = "NSAlert+MKNetworkKitAdditions.h"; sourceTree = "<group>"; };
		0574051F1641139000807130 /* NSAlert+MKNetworkKitAdditions.m */ = {isa = PBXFileReference; fileEncoding = 4; lastKnownFileType = sourcecode.c.objc; path = "NSAlert+MKNetworkKitAdditions.m"; sourceTree = "<group>"; };
		057405201641139000807130 /* NSData+Base64.h */ = {isa = PBXFileReference; fileEncoding = 4; lastKnownFileType = sourcecode.c.h; path = "NSData+Base64.h"; sourceTree = "<group>"; };
		057405211641139000807130 /* NSData+Base64.m */ = {isa = PBXFileReference; fileEncoding = 4; lastKnownFileType = sourcecode.c.objc; path = "NSData+Base64.m"; sourceTree = "<group>"; };
		057405221641139000807130 /* NSDate+RFC1123.h */ = {isa = PBXFileReference; fileEncoding = 4; lastKnownFileType = sourcecode.c.h; path = "NSDate+RFC1123.h"; sourceTree = "<group>"; };
		057405231641139000807130 /* NSDate+RFC1123.m */ = {isa = PBXFileReference; fileEncoding = 4; lastKnownFileType = sourcecode.c.objc; path = "NSDate+RFC1123.m"; sourceTree = "<group>"; };
		057405241641139000807130 /* NSDictionary+RequestEncoding.h */ = {isa = PBXFileReference; fileEncoding = 4; lastKnownFileType = sourcecode.c.h; path = "NSDictionary+RequestEncoding.h"; sourceTree = "<group>"; };
		057405251641139000807130 /* NSDictionary+RequestEncoding.m */ = {isa = PBXFileReference; fileEncoding = 4; lastKnownFileType = sourcecode.c.objc; path = "NSDictionary+RequestEncoding.m"; sourceTree = "<group>"; };
		057405261641139000807130 /* NSString+MKNetworkKitAdditions.h */ = {isa = PBXFileReference; fileEncoding = 4; lastKnownFileType = sourcecode.c.h; path = "NSString+MKNetworkKitAdditions.h"; sourceTree = "<group>"; };
		057405271641139000807130 /* NSString+MKNetworkKitAdditions.m */ = {isa = PBXFileReference; fileEncoding = 4; lastKnownFileType = sourcecode.c.objc; path = "NSString+MKNetworkKitAdditions.m"; sourceTree = "<group>"; };
		057405281641139000807130 /* UIAlertView+MKNetworkKitAdditions.h */ = {isa = PBXFileReference; fileEncoding = 4; lastKnownFileType = sourcecode.c.h; path = "UIAlertView+MKNetworkKitAdditions.h"; sourceTree = "<group>"; };
		057405291641139000807130 /* UIAlertView+MKNetworkKitAdditions.m */ = {isa = PBXFileReference; fileEncoding = 4; lastKnownFileType = sourcecode.c.objc; path = "UIAlertView+MKNetworkKitAdditions.m"; sourceTree = "<group>"; };
		0574052A1641139000807130 /* MKNetworkEngine.h */ = {isa = PBXFileReference; fileEncoding = 4; lastKnownFileType = sourcecode.c.h; path = MKNetworkEngine.h; sourceTree = "<group>"; };
		0574052B1641139000807130 /* MKNetworkEngine.m */ = {isa = PBXFileReference; fileEncoding = 4; lastKnownFileType = sourcecode.c.objc; path = MKNetworkEngine.m; sourceTree = "<group>"; };
		0574052C1641139000807130 /* MKNetworkKit.h */ = {isa = PBXFileReference; fileEncoding = 4; lastKnownFileType = sourcecode.c.h; path = MKNetworkKit.h; sourceTree = "<group>"; };
		0574052D1641139000807130 /* MKNetworkOperation.h */ = {isa = PBXFileReference; fileEncoding = 4; lastKnownFileType = sourcecode.c.h; path = MKNetworkOperation.h; sourceTree = "<group>"; };
		0574052E1641139000807130 /* MKNetworkOperation.m */ = {isa = PBXFileReference; fileEncoding = 4; lastKnownFileType = sourcecode.c.objc; path = MKNetworkOperation.m; sourceTree = "<group>"; };
		057405301641139000807130 /* Reachability.h */ = {isa = PBXFileReference; fileEncoding = 4; lastKnownFileType = sourcecode.c.h; path = Reachability.h; sourceTree = "<group>"; };
		057405311641139000807130 /* Reachability.m */ = {isa = PBXFileReference; fileEncoding = 4; lastKnownFileType = sourcecode.c.objc; path = Reachability.m; sourceTree = "<group>"; };
		05A8C7CE16437B1600CA9B9C /* IndexViewController.h */ = {isa = PBXFileReference; fileEncoding = 4; lastKnownFileType = sourcecode.c.h; path = IndexViewController.h; sourceTree = "<group>"; };
		05A8C7CF16437B1600CA9B9C /* IndexViewController.m */ = {isa = PBXFileReference; fileEncoding = 4; lastKnownFileType = sourcecode.c.objc; path = IndexViewController.m; sourceTree = "<group>"; };
		05A8C7D216437B3100CA9B9C /* MoreViewController.h */ = {isa = PBXFileReference; fileEncoding = 4; lastKnownFileType = sourcecode.c.h; path = MoreViewController.h; sourceTree = "<group>"; };
		05A8C7D316437B3100CA9B9C /* MoreViewController.m */ = {isa = PBXFileReference; fileEncoding = 4; lastKnownFileType = sourcecode.c.objc; path = MoreViewController.m; sourceTree = "<group>"; };
		05A8C7D516437B7500CA9B9C /* OtherViewController.h */ = {isa = PBXFileReference; fileEncoding = 4; lastKnownFileType = sourcecode.c.h; path = OtherViewController.h; sourceTree = "<group>"; };
		05A8C7D616437B7600CA9B9C /* OtherViewController.m */ = {isa = PBXFileReference; fileEncoding = 4; lastKnownFileType = sourcecode.c.objc; path = OtherViewController.m; sourceTree = "<group>"; };
		05A8C7E01643814700CA9B9C /* appMarket.png */ = {isa = PBXFileReference; lastKnownFileType = image.png; path = appMarket.png; sourceTree = "<group>"; };
		05A8C7E11643814700CA9B9C /* appMarket@2x.png */ = {isa = PBXFileReference; lastKnownFileType = image.png; path = "appMarket@2x.png"; sourceTree = "<group>"; };
		05A8C7E21643814700CA9B9C /* business.png */ = {isa = PBXFileReference; lastKnownFileType = image.png; path = business.png; sourceTree = "<group>"; };
		05A8C7E31643814700CA9B9C /* business@2x.png */ = {isa = PBXFileReference; lastKnownFileType = image.png; path = "business@2x.png"; sourceTree = "<group>"; };
		05A8C7E41643814700CA9B9C /* homeItem.png */ = {isa = PBXFileReference; lastKnownFileType = image.png; path = homeItem.png; sourceTree = "<group>"; };
		05A8C7E51643814700CA9B9C /* homeItem@2x.png */ = {isa = PBXFileReference; lastKnownFileType = image.png; path = "homeItem@2x.png"; sourceTree = "<group>"; };
		05A8C7E61643814700CA9B9C /* settItem.png */ = {isa = PBXFileReference; lastKnownFileType = image.png; path = settItem.png; sourceTree = "<group>"; };
		05A8C7E71643814700CA9B9C /* settItem@2x.png */ = {isa = PBXFileReference; lastKnownFileType = image.png; path = "settItem@2x.png"; sourceTree = "<group>"; };
		05A8C7F0164395AD00CA9B9C /* surf_gradient_textured_32.png */ = {isa = PBXFileReference; lastKnownFileType = image.png; path = surf_gradient_textured_32.png; sourceTree = "<group>"; };
		05A8C7F1164395AD00CA9B9C /* surf_gradient_textured_44.png */ = {isa = PBXFileReference; lastKnownFileType = image.png; path = surf_gradient_textured_44.png; sourceTree = "<group>"; };
		05A8C7F41643965500CA9B9C /* tab_select_indicator.png */ = {isa = PBXFileReference; lastKnownFileType = image.png; path = tab_select_indicator.png; sourceTree = "<group>"; };
		05A8C7F61643966000CA9B9C /* bg_sand.png */ = {isa = PBXFileReference; lastKnownFileType = image.png; path = bg_sand.png; sourceTree = "<group>"; };
		05A8C7F8164396EE00CA9B9C /* button_back_textured_24.png */ = {isa = PBXFileReference; lastKnownFileType = image.png; path = button_back_textured_24.png; sourceTree = "<group>"; };
		05A8C7F9164396EE00CA9B9C /* button_back_textured_30.png */ = {isa = PBXFileReference; lastKnownFileType = image.png; path = button_back_textured_30.png; sourceTree = "<group>"; };
		05A8C7FA164396EE00CA9B9C /* button_textured_24.png */ = {isa = PBXFileReference; lastKnownFileType = image.png; path = button_textured_24.png; sourceTree = "<group>"; };
		05A8C7FB164396EE00CA9B9C /* button_textured_30.png */ = {isa = PBXFileReference; lastKnownFileType = image.png; path = button_textured_30.png; sourceTree = "<group>"; };
		05A8C8001643995900CA9B9C /* DetailViewController.h */ = {isa = PBXFileReference; fileEncoding = 4; lastKnownFileType = sourcecode.c.h; path = DetailViewController.h; sourceTree = "<group>"; };
		05A8C8011643995900CA9B9C /* DetailViewController.m */ = {isa = PBXFileReference; fileEncoding = 4; lastKnownFileType = sourcecode.c.objc; path = DetailViewController.m; sourceTree = "<group>"; };
		05A8C8351643ABD600CA9B9C /* icon.png */ = {isa = PBXFileReference; lastKnownFileType = image.png; path = icon.png; sourceTree = "<group>"; };
		05A8C8361643ABD700CA9B9C /* icon@2x.png */ = {isa = PBXFileReference; lastKnownFileType = image.png; path = "icon@2x.png"; sourceTree = "<group>"; };
		05A8C83B1643ABF300CA9B9C /* image_topBar.png */ = {isa = PBXFileReference; lastKnownFileType = image.png; path = image_topBar.png; sourceTree = "<group>"; };
		05A8C83C1643ABF300CA9B9C /* imageTabbar.png */ = {isa = PBXFileReference; lastKnownFileType = image.png; path = imageTabbar.png; sourceTree = "<group>"; };
		05B1451A16425F79007F2F4F /* JSONKit.h */ = {isa = PBXFileReference; fileEncoding = 4; lastKnownFileType = sourcecode.c.h; path = JSONKit.h; sourceTree = "<group>"; };
		05B1451B16425F79007F2F4F /* JSONKit.m */ = {isa = PBXFileReference; fileEncoding = 4; lastKnownFileType = sourcecode.c.objc; path = JSONKit.m; sourceTree = "<group>"; };
		05B1452016426021007F2F4F /* MBProgressHUD.h */ = {isa = PBXFileReference; fileEncoding = 4; lastKnownFileType = sourcecode.c.h; name = MBProgressHUD.h; path = BaseSample/MBProgressHUD.h; sourceTree = "<group>"; };
		05B1452116426021007F2F4F /* MBProgressHUD.m */ = {isa = PBXFileReference; fileEncoding = 4; lastKnownFileType = sourcecode.c.objc; name = MBProgressHUD.m; path = BaseSample/MBProgressHUD.m; sourceTree = "<group>"; };
		05B1452C164260B7007F2F4F /* MacroUtils.h */ = {isa = PBXFileReference; fileEncoding = 4; lastKnownFileType = sourcecode.c.h; path = MacroUtils.h; sourceTree = "<group>"; };
		05B1452D16426239007F2F4F /* LoginViewController.h */ = {isa = PBXFileReference; fileEncoding = 4; lastKnownFileType = sourcecode.c.h; path = LoginViewController.h; sourceTree = "<group>"; };
		05B1452E16426239007F2F4F /* LoginViewController.m */ = {isa = PBXFileReference; fileEncoding = 4; lastKnownFileType = sourcecode.c.objc; path = LoginViewController.m; sourceTree = "<group>"; };
		05B14537164264E6007F2F4F /* DataModel.h */ = {isa = PBXFileReference; fileEncoding = 4; lastKnownFileType = sourcecode.c.h; path = DataModel.h; sourceTree = "<group>"; };
		05B14538164264E6007F2F4F /* DataModel.m */ = {isa = PBXFileReference; fileEncoding = 4; lastKnownFileType = sourcecode.c.objc; path = DataModel.m; sourceTree = "<group>"; };
		05B1453A1642662F007F2F4F /* ToolSet.h */ = {isa = PBXFileReference; fileEncoding = 4; lastKnownFileType = sourcecode.c.h; path = ToolSet.h; sourceTree = "<group>"; };
		05B1453B1642662F007F2F4F /* ToolSet.m */ = {isa = PBXFileReference; fileEncoding = 4; lastKnownFileType = sourcecode.c.objc; path = ToolSet.m; sourceTree = "<group>"; };
		05B1453D164267E8007F2F4F /* btn_clicked.png */ = {isa = PBXFileReference; lastKnownFileType = image.png; path = btn_clicked.png; sourceTree = "<group>"; };
		05B1453E164267E8007F2F4F /* btn_unclicked.png */ = {isa = PBXFileReference; lastKnownFileType = image.png; path = btn_unclicked.png; sourceTree = "<group>"; };
		05B1453F164267E8007F2F4F /* checkbox_checked.png */ = {isa = PBXFileReference; lastKnownFileType = image.png; path = checkbox_checked.png; sourceTree = "<group>"; };
		05B14540164267E8007F2F4F /* checkbox_nor.png */ = {isa = PBXFileReference; lastKnownFileType = image.png; path = checkbox_nor.png; sourceTree = "<group>"; };
		05B14545164268DC007F2F4F /* tab_bg.png */ = {isa = PBXFileReference; lastKnownFileType = image.png; path = tab_bg.png; sourceTree = "<group>"; };
		05B1454B16427466007F2F4F /* DataParser.h */ = {isa = PBXFileReference; fileEncoding = 4; lastKnownFileType = sourcecode.c.h; path = DataParser.h; sourceTree = "<group>"; };
		05B1454C16427466007F2F4F /* DataParser.m */ = {isa = PBXFileReference; fileEncoding = 4; lastKnownFileType = sourcecode.c.objc; path = DataParser.m; sourceTree = "<group>"; };
		05B733571648FE6600FF4E60 /* image_goBack.png */ = {isa = PBXFileReference; lastKnownFileType = image.png; path = image_goBack.png; sourceTree = "<group>"; };
		05B7336B1649173000FF4E60 /* VCTranslucentBarButtonItem.h */ = {isa = PBXFileReference; fileEncoding = 4; lastKnownFileType = sourcecode.c.h; path = VCTranslucentBarButtonItem.h; sourceTree = "<group>"; };
		05B7336C1649173000FF4E60 /* VCTranslucentBarButtonItem.m */ = {isa = PBXFileReference; fileEncoding = 4; lastKnownFileType = sourcecode.c.objc; path = VCTranslucentBarButtonItem.m; sourceTree = "<group>"; };
		05B7336F1649179F00FF4E60 /* backwardbutton.png */ = {isa = PBXFileReference; lastKnownFileType = image.png; path = backwardbutton.png; sourceTree = "<group>"; };
		05B733701649179F00FF4E60 /* backwardbutton@2x.png */ = {isa = PBXFileReference; lastKnownFileType = image.png; path = "backwardbutton@2x.png"; sourceTree = "<group>"; };
		05C6FE3E1651E233004B221A /* Default.png */ = {isa = PBXFileReference; lastKnownFileType = image.png; path = Default.png; sourceTree = "<group>"; };
		05C6FE3F1651E234004B221A /* Default@2x.png */ = {isa = PBXFileReference; lastKnownFileType = image.png; path = "Default@2x.png"; sourceTree = "<group>"; };
		05C6FE421651E252004B221A /* imageLogin.png */ = {isa = PBXFileReference; lastKnownFileType = image.png; path = imageLogin.png; sourceTree = "<group>"; };
		05C6FE431651E252004B221A /* imageLogin@2x.png */ = {isa = PBXFileReference; lastKnownFileType = image.png; path = "imageLogin@2x.png"; sourceTree = "<group>"; };
		05C6FE4A1651E3DE004B221A /* CycleScrollView.h */ = {isa = PBXFileReference; fileEncoding = 4; lastKnownFileType = sourcecode.c.h; path = CycleScrollView.h; sourceTree = "<group>"; };
		05C6FE4B1651E3DE004B221A /* CycleScrollView.m */ = {isa = PBXFileReference; fileEncoding = 4; lastKnownFileType = sourcecode.c.objc; path = CycleScrollView.m; sourceTree = "<group>"; };
		05C6FE4D1651E50C004B221A /* AdImageDefault.png */ = {isa = PBXFileReference; lastKnownFileType = image.png; path = AdImageDefault.png; sourceTree = "<group>"; };
		05C6FE5A1651E7E7004B221A /* EGORefreshTableHeaderView.h */ = {isa = PBXFileReference; fileEncoding = 4; lastKnownFileType = sourcecode.c.h; path = EGORefreshTableHeaderView.h; sourceTree = "<group>"; };
		05C6FE5B1651E7E8004B221A /* EGORefreshTableHeaderView.m */ = {isa = PBXFileReference; fileEncoding = 4; lastKnownFileType = sourcecode.c.objc; path = EGORefreshTableHeaderView.m; sourceTree = "<group>"; };
		05C6FE5D1651E814004B221A /* TableView.h */ = {isa = PBXFileReference; fileEncoding = 4; lastKnownFileType = sourcecode.c.h; path = TableView.h; sourceTree = "<group>"; };
		05C6FE5E1651E814004B221A /* TableView.m */ = {isa = PBXFileReference; fileEncoding = 4; lastKnownFileType = sourcecode.c.objc; path = TableView.m; sourceTree = "<group>"; };
		05C6FE601651E927004B221A /* QuartzCore.framework */ = {isa = PBXFileReference; lastKnownFileType = wrapper.framework; name = QuartzCore.framework; path = System/Library/Frameworks/QuartzCore.framework; sourceTree = SDKROOT; };
		05C6FE6A16521EEB004B221A /* BaseController.h */ = {isa = PBXFileReference; fileEncoding = 4; lastKnownFileType = sourcecode.c.h; path = BaseController.h; sourceTree = "<group>"; };
		05C6FE6B16521EED004B221A /* BaseController.m */ = {isa = PBXFileReference; fileEncoding = 4; lastKnownFileType = sourcecode.c.objc; path = BaseController.m; sourceTree = "<group>"; };
		05C6FE6D16522D9D004B221A /* TestViewController.h */ = {isa = PBXFileReference; fileEncoding = 4; lastKnownFileType = sourcecode.c.h; path = TestViewController.h; sourceTree = "<group>"; };
		05C6FE6E16522DA2004B221A /* TestViewController.m */ = {isa = PBXFileReference; fileEncoding = 4; lastKnownFileType = sourcecode.c.objc; path = TestViewController.m; sourceTree = "<group>"; };
/* End PBXFileReference section */

/* Begin PBXFrameworksBuildPhase section */
		057404F21641126000807130 /* Frameworks */ = {
			isa = PBXFrameworksBuildPhase;
			buildActionMask = 2147483647;
			files = (
				05C6FE611651E928004B221A /* QuartzCore.framework in Frameworks */,
				0574051B1641134700807130 /* CFNetwork.framework in Frameworks */,
				057405191641132B00807130 /* Security.framework in Frameworks */,
				057405171641131F00807130 /* SystemConfiguration.framework in Frameworks */,
				057404FA1641126000807130 /* UIKit.framework in Frameworks */,
				057404FC1641126000807130 /* Foundation.framework in Frameworks */,
				057404FE1641126000807130 /* CoreGraphics.framework in Frameworks */,
			);
			runOnlyForDeploymentPostprocessing = 0;
		};
/* End PBXFrameworksBuildPhase section */

/* Begin PBXGroup section */
		056FC1D4164A0EB10083542B /* CustomViews */ = {
			isa = PBXGroup;
			children = (
				05C6FE5D1651E814004B221A /* TableView.h */,
				05C6FE5E1651E814004B221A /* TableView.m */,
				05C6FE5A1651E7E7004B221A /* EGORefreshTableHeaderView.h */,
				05C6FE5B1651E7E8004B221A /* EGORefreshTableHeaderView.m */,
				05C6FE4A1651E3DE004B221A /* CycleScrollView.h */,
				05C6FE4B1651E3DE004B221A /* CycleScrollView.m */,
				056FC1C8164A0BE20083542B /* VCCustomNavigationBar.h */,
				056FC1C9164A0BE20083542B /* VCCustomNavigationBar.m */,
				05B7336B1649173000FF4E60 /* VCTranslucentBarButtonItem.h */,
				05B7336C1649173000FF4E60 /* VCTranslucentBarButtonItem.m */,
				05C6FE6A16521EEB004B221A /* BaseController.h */,
				05C6FE6B16521EED004B221A /* BaseController.m */,
			);
			name = CustomViews;
			sourceTree = "<group>";
		};
		057404EA1641126000807130 = {
			isa = PBXGroup;
			children = (
				057404FF1641126000807130 /* BaseSample */,
				057404F81641126000807130 /* Frameworks */,
				057404F61641126000807130 /* Products */,
			);
			sourceTree = "<group>";
		};
		057404F61641126000807130 /* Products */ = {
			isa = PBXGroup;
			children = (
				057404F51641126000807130 /* BaseSample.app */,
			);
			name = Products;
			sourceTree = "<group>";
		};
		057404F81641126000807130 /* Frameworks */ = {
			isa = PBXGroup;
			children = (
				05C6FE601651E927004B221A /* QuartzCore.framework */,
				05B1452316426028007F2F4F /* HUD */,
				05B1451916425E84007F2F4F /* JSON */,
				0574051C1641139000807130 /* MKNetworkKit */,
				0574051A1641134700807130 /* CFNetwork.framework */,
				057405181641132B00807130 /* Security.framework */,
				057405161641131F00807130 /* SystemConfiguration.framework */,
				057404F91641126000807130 /* UIKit.framework */,
				057404FB1641126000807130 /* Foundation.framework */,
				057404FD1641126000807130 /* CoreGraphics.framework */,
			);
			name = Frameworks;
			sourceTree = "<group>";
		};
		057404FF1641126000807130 /* BaseSample */ = {
			isa = PBXGroup;
			children = (
				05B145351642642A007F2F4F /* Model */,
				05B145341642641F007F2F4F /* Tools */,
				05B1451F16425F9C007F2F4F /* Images */,
				05B1451E16425F99007F2F4F /* Resources */,
				05B1451D16425F94007F2F4F /* View */,
				057405081641126000807130 /* AppDelegate.h */,
				057405091641126000807130 /* AppDelegate.m */,
				0574050B1641126000807130 /* ViewController.h */,
				0574050C1641126000807130 /* ViewController.m */,
				0574050E1641126000807130 /* ViewController.xib */,
				057405001641126000807130 /* Supporting Files */,
			);
			path = BaseSample;
			sourceTree = "<group>";
		};
		057405001641126000807130 /* Supporting Files */ = {
			isa = PBXGroup;
			children = (
				05B1452C164260B7007F2F4F /* MacroUtils.h */,
				057405011641126000807130 /* BaseSample-Info.plist */,
				057405021641126000807130 /* InfoPlist.strings */,
				057405051641126000807130 /* main.m */,
				057405071641126000807130 /* BaseSample-Prefix.pch */,
			);
			name = "Supporting Files";
			sourceTree = "<group>";
		};
		0574051C1641139000807130 /* MKNetworkKit */ = {
			isa = PBXGroup;
			children = (
				0574051D1641139000807130 /* Categories */,
				0574052A1641139000807130 /* MKNetworkEngine.h */,
				0574052B1641139000807130 /* MKNetworkEngine.m */,
				0574052C1641139000807130 /* MKNetworkKit.h */,
				0574052D1641139000807130 /* MKNetworkOperation.h */,
				0574052E1641139000807130 /* MKNetworkOperation.m */,
				0574052F1641139000807130 /* Reachability */,
			);
			path = MKNetworkKit;
			sourceTree = "<group>";
		};
		0574051D1641139000807130 /* Categories */ = {
			isa = PBXGroup;
			children = (
				0574051E1641139000807130 /* NSAlert+MKNetworkKitAdditions.h */,
				0574051F1641139000807130 /* NSAlert+MKNetworkKitAdditions.m */,
				057405201641139000807130 /* NSData+Base64.h */,
				057405211641139000807130 /* NSData+Base64.m */,
				057405221641139000807130 /* NSDate+RFC1123.h */,
				057405231641139000807130 /* NSDate+RFC1123.m */,
				057405241641139000807130 /* NSDictionary+RequestEncoding.h */,
				057405251641139000807130 /* NSDictionary+RequestEncoding.m */,
				057405261641139000807130 /* NSString+MKNetworkKitAdditions.h */,
				057405271641139000807130 /* NSString+MKNetworkKitAdditions.m */,
				057405281641139000807130 /* UIAlertView+MKNetworkKitAdditions.h */,
				057405291641139000807130 /* UIAlertView+MKNetworkKitAdditions.m */,
			);
			path = Categories;
			sourceTree = "<group>";
		};
		0574052F1641139000807130 /* Reachability */ = {
			isa = PBXGroup;
			children = (
				057405301641139000807130 /* Reachability.h */,
				057405311641139000807130 /* Reachability.m */,
			);
			path = Reachability;
			sourceTree = "<group>";
		};
		05B1451916425E84007F2F4F /* JSON */ = {
			isa = PBXGroup;
			children = (
				05B1451A16425F79007F2F4F /* JSONKit.h */,
				05B1451B16425F79007F2F4F /* JSONKit.m */,
			);
			name = JSON;
			sourceTree = "<group>";
		};
		05B1451D16425F94007F2F4F /* View */ = {
			isa = PBXGroup;
			children = (
				05C3FC1316537DF300985235 /* VasViews */,
				056FC1D4164A0EB10083542B /* CustomViews */,
				05B1452D16426239007F2F4F /* LoginViewController.h */,
				05B1452E16426239007F2F4F /* LoginViewController.m */,
				05A8C7D216437B3100CA9B9C /* MoreViewController.h */,
				05A8C7D316437B3100CA9B9C /* MoreViewController.m */,
				05A8C7D516437B7500CA9B9C /* OtherViewController.h */,
				05A8C7D616437B7600CA9B9C /* OtherViewController.m */,
				05A8C8001643995900CA9B9C /* DetailViewController.h */,
				05A8C8011643995900CA9B9C /* DetailViewController.m */,
				05C6FE6D16522D9D004B221A /* TestViewController.h */,
				05C6FE6E16522DA2004B221A /* TestViewController.m */,
			);
			name = View;
			sourceTree = "<group>";
		};
		05B1451E16425F99007F2F4F /* Resources */ = {
			isa = PBXGroup;
			children = (
			);
			name = Resources;
			sourceTree = "<group>";
		};
		05B1451F16425F9C007F2F4F /* Images */ = {
			isa = PBXGroup;
			children = (
				05C6FE4D1651E50C004B221A /* AdImageDefault.png */,
				05C6FE421651E252004B221A /* imageLogin.png */,
				05C6FE431651E252004B221A /* imageLogin@2x.png */,
				05C6FE3E1651E233004B221A /* Default.png */,
				05C6FE3F1651E234004B221A /* Default@2x.png */,
				050A1D54164A21810060AD3E /* tab_select_bg.png */,
				050A1D52164A19500060AD3E /* MHTabBarActiveTab.png */,
				056FC1CC164A0C520083542B /* portraitBarBackground.png */,
				056FC1CD164A0C520083542B /* portraitBarBackground@2x.png */,
				056FC1CE164A0C520083542B /* landscapeBarBackground.png */,
				056FC1CF164A0C520083542B /* landscapeBarBackground@2x.png */,
				05B7336F1649179F00FF4E60 /* backwardbutton.png */,
				05B733701649179F00FF4E60 /* backwardbutton@2x.png */,
				05B733571648FE6600FF4E60 /* image_goBack.png */,
				05A8C83B1643ABF300CA9B9C /* image_topBar.png */,
				05A8C83C1643ABF300CA9B9C /* imageTabbar.png */,
				05A8C8351643ABD600CA9B9C /* icon.png */,
				05A8C8361643ABD700CA9B9C /* icon@2x.png */,
				05A8C7F8164396EE00CA9B9C /* button_back_textured_24.png */,
				05A8C7F9164396EE00CA9B9C /* button_back_textured_30.png */,
				05A8C7FA164396EE00CA9B9C /* button_textured_24.png */,
				05A8C7FB164396EE00CA9B9C /* button_textured_30.png */,
				05A8C7F41643965500CA9B9C /* tab_select_indicator.png */,
				05A8C7F61643966000CA9B9C /* bg_sand.png */,
				05A8C7F0164395AD00CA9B9C /* surf_gradient_textured_32.png */,
				05A8C7F1164395AD00CA9B9C /* surf_gradient_textured_44.png */,
				05A8C7E01643814700CA9B9C /* appMarket.png */,
				05A8C7E11643814700CA9B9C /* appMarket@2x.png */,
				05A8C7E21643814700CA9B9C /* business.png */,
				05A8C7E31643814700CA9B9C /* business@2x.png */,
				05A8C7E41643814700CA9B9C /* homeItem.png */,
				05A8C7E51643814700CA9B9C /* homeItem@2x.png */,
				05A8C7E61643814700CA9B9C /* settItem.png */,
				05A8C7E71643814700CA9B9C /* settItem@2x.png */,
				05B14545164268DC007F2F4F /* tab_bg.png */,
				05B1453D164267E8007F2F4F /* btn_clicked.png */,
				05B1453E164267E8007F2F4F /* btn_unclicked.png */,
				05B1453F164267E8007F2F4F /* checkbox_checked.png */,
				05B14540164267E8007F2F4F /* checkbox_nor.png */,
			);
			name = Images;
			sourceTree = "<group>";
		};
		05B1452316426028007F2F4F /* HUD */ = {
			isa = PBXGroup;
			children = (
				05B1452016426021007F2F4F /* MBProgressHUD.h */,
				05B1452116426021007F2F4F /* MBProgressHUD.m */,
			);
			name = HUD;
			sourceTree = "<group>";
		};
		05B145341642641F007F2F4F /* Tools */ = {
			isa = PBXGroup;
			children = (
				05B1453A1642662F007F2F4F /* ToolSet.h */,
				05B1453B1642662F007F2F4F /* ToolSet.m */,
			);
			name = Tools;
			sourceTree = "<group>";
		};
		05B145351642642A007F2F4F /* Model */ = {
			isa = PBXGroup;
			children = (
				050A1D74164A3F0E0060AD3E /* Paging.h */,
				050A1D75164A3F0E0060AD3E /* Paging.m */,
				05B1454B16427466007F2F4F /* DataParser.h */,
				05B1454C16427466007F2F4F /* DataParser.m */,
				05B14537164264E6007F2F4F /* DataModel.h */,
				05B14538164264E6007F2F4F /* DataModel.m */,
			);
			name = Model;
			sourceTree = "<group>";
		};
		05C3FC1316537DF300985235 /* VasViews */ = {
			isa = PBXGroup;
			children = (
				05A8C7CE16437B1600CA9B9C /* IndexViewController.h */,
				05A8C7CF16437B1600CA9B9C /* IndexViewController.m */,
			);
			name = VasViews;
			sourceTree = "<group>";
		};
/* End PBXGroup section */

/* Begin PBXNativeTarget section */
		057404F41641126000807130 /* BaseSample */ = {
			isa = PBXNativeTarget;
			buildConfigurationList = 057405131641126000807130 /* Build configuration list for PBXNativeTarget "BaseSample" */;
			buildPhases = (
				057404F11641126000807130 /* Sources */,
				057404F21641126000807130 /* Frameworks */,
				057404F31641126000807130 /* Resources */,
			);
			buildRules = (
			);
			dependencies = (
			);
			name = BaseSample;
			productName = BaseSample;
			productReference = 057404F51641126000807130 /* BaseSample.app */;
			productType = "com.apple.product-type.application";
		};
/* End PBXNativeTarget section */

/* Begin PBXProject section */
		057404EC1641126000807130 /* Project object */ = {
			isa = PBXProject;
			attributes = {
				LastUpgradeCheck = 0420;
				ORGANIZATIONNAME = newyulong;
			};
			buildConfigurationList = 057404EF1641126000807130 /* Build configuration list for PBXProject "BaseSample" */;
			compatibilityVersion = "Xcode 3.2";
			developmentRegion = English;
			hasScannedForEncodings = 0;
			knownRegions = (
				en,
			);
			mainGroup = 057404EA1641126000807130;
			productRefGroup = 057404F61641126000807130 /* Products */;
			projectDirPath = "";
			projectRoot = "";
			targets = (
				057404F41641126000807130 /* BaseSample */,
			);
		};
/* End PBXProject section */

/* Begin PBXResourcesBuildPhase section */
		057404F31641126000807130 /* Resources */ = {
			isa = PBXResourcesBuildPhase;
			buildActionMask = 2147483647;
			files = (
				057405041641126000807130 /* InfoPlist.strings in Resources */,
				057405101641126000807130 /* ViewController.xib in Resources */,
				05B14541164267E8007F2F4F /* btn_clicked.png in Resources */,
				05B14542164267E8007F2F4F /* btn_unclicked.png in Resources */,
				05B14543164267E8007F2F4F /* checkbox_checked.png in Resources */,
				05B14544164267E8007F2F4F /* checkbox_nor.png in Resources */,
				05B14546164268DC007F2F4F /* tab_bg.png in Resources */,
				05A8C7E81643814700CA9B9C /* appMarket.png in Resources */,
				05A8C7E91643814700CA9B9C /* appMarket@2x.png in Resources */,
				05A8C7EA1643814700CA9B9C /* business.png in Resources */,
				05A8C7EB1643814700CA9B9C /* business@2x.png in Resources */,
				05A8C7EC1643814700CA9B9C /* homeItem.png in Resources */,
				05A8C7ED1643814700CA9B9C /* homeItem@2x.png in Resources */,
				05A8C7EE1643814700CA9B9C /* settItem.png in Resources */,
				05A8C7EF1643814700CA9B9C /* settItem@2x.png in Resources */,
				05A8C7F2164395AD00CA9B9C /* surf_gradient_textured_32.png in Resources */,
				05A8C7F3164395AD00CA9B9C /* surf_gradient_textured_44.png in Resources */,
				05A8C7F51643965500CA9B9C /* tab_select_indicator.png in Resources */,
				05A8C7F71643966000CA9B9C /* bg_sand.png in Resources */,
				05A8C7FC164396EE00CA9B9C /* button_back_textured_24.png in Resources */,
				05A8C7FD164396EE00CA9B9C /* button_back_textured_30.png in Resources */,
				05A8C7FE164396EE00CA9B9C /* button_textured_24.png in Resources */,
				05A8C7FF164396EE00CA9B9C /* button_textured_30.png in Resources */,
				05A8C8391643ABD700CA9B9C /* icon.png in Resources */,
				05A8C83A1643ABD700CA9B9C /* icon@2x.png in Resources */,
				05A8C83D1643ABF300CA9B9C /* image_topBar.png in Resources */,
				05A8C83E1643ABF300CA9B9C /* imageTabbar.png in Resources */,
				05B733581648FE6600FF4E60 /* image_goBack.png in Resources */,
				05B733711649179F00FF4E60 /* backwardbutton.png in Resources */,
				05B733721649179F00FF4E60 /* backwardbutton@2x.png in Resources */,
				056FC1D0164A0C520083542B /* portraitBarBackground.png in Resources */,
				056FC1D1164A0C520083542B /* portraitBarBackground@2x.png in Resources */,
				056FC1D2164A0C520083542B /* landscapeBarBackground.png in Resources */,
				056FC1D3164A0C520083542B /* landscapeBarBackground@2x.png in Resources */,
				050A1D53164A19500060AD3E /* MHTabBarActiveTab.png in Resources */,
				050A1D55164A21810060AD3E /* tab_select_bg.png in Resources */,
				05C6FE401651E235004B221A /* Default.png in Resources */,
				05C6FE411651E235004B221A /* Default@2x.png in Resources */,
				05C6FE441651E252004B221A /* imageLogin.png in Resources */,
				05C6FE451651E252004B221A /* imageLogin@2x.png in Resources */,
				05C6FE4E1651E50C004B221A /* AdImageDefault.png in Resources */,
			);
			runOnlyForDeploymentPostprocessing = 0;
		};
/* End PBXResourcesBuildPhase section */

/* Begin PBXSourcesBuildPhase section */
		057404F11641126000807130 /* Sources */ = {
			isa = PBXSourcesBuildPhase;
			buildActionMask = 2147483647;
			files = (
				057405061641126000807130 /* main.m in Sources */,
				0574050A1641126000807130 /* AppDelegate.m in Sources */,
				0574050D1641126000807130 /* ViewController.m in Sources */,
				057405321641139000807130 /* NSAlert+MKNetworkKitAdditions.m in Sources */,
				057405331641139000807130 /* NSData+Base64.m in Sources */,
				057405341641139000807130 /* NSDate+RFC1123.m in Sources */,
				057405351641139000807130 /* NSDictionary+RequestEncoding.m in Sources */,
				057405361641139000807130 /* NSString+MKNetworkKitAdditions.m in Sources */,
				057405371641139000807130 /* UIAlertView+MKNetworkKitAdditions.m in Sources */,
				057405381641139000807130 /* MKNetworkEngine.m in Sources */,
				057405391641139000807130 /* MKNetworkOperation.m in Sources */,
				0574053A1641139000807130 /* Reachability.m in Sources */,
				05B1451C16425F79007F2F4F /* JSONKit.m in Sources */,
				05B1452216426021007F2F4F /* MBProgressHUD.m in Sources */,
				05B1452F16426239007F2F4F /* LoginViewController.m in Sources */,
				05B14539164264E6007F2F4F /* DataModel.m in Sources */,
				05B1453C1642662F007F2F4F /* ToolSet.m in Sources */,
				05B1454D16427466007F2F4F /* DataParser.m in Sources */,
				05A8C7D016437B1600CA9B9C /* IndexViewController.m in Sources */,
				05A8C7D416437B3100CA9B9C /* MoreViewController.m in Sources */,
				05A8C7D716437B7600CA9B9C /* OtherViewController.m in Sources */,
				05A8C8021643995A00CA9B9C /* DetailViewController.m in Sources */,
				05B7336D1649173000FF4E60 /* VCTranslucentBarButtonItem.m in Sources */,
				056FC1CA164A0BE20083542B /* VCCustomNavigationBar.m in Sources */,
				050A1D76164A3F0E0060AD3E /* Paging.m in Sources */,
				05C6FE4C1651E3DE004B221A /* CycleScrollView.m in Sources */,
				05C6FE5C1651E7E8004B221A /* EGORefreshTableHeaderView.m in Sources */,
				05C6FE5F1651E815004B221A /* TableView.m in Sources */,
				05C6FE6C16521EEF004B221A /* BaseController.m in Sources */,
				05C6FE6F16522DA7004B221A /* TestViewController.m in Sources */,
			);
			runOnlyForDeploymentPostprocessing = 0;
		};
/* End PBXSourcesBuildPhase section */

/* Begin PBXVariantGroup section */
		057405021641126000807130 /* InfoPlist.strings */ = {
			isa = PBXVariantGroup;
			children = (
				057405031641126000807130 /* en */,
			);
			name = InfoPlist.strings;
			sourceTree = "<group>";
		};
		0574050E1641126000807130 /* ViewController.xib */ = {
			isa = PBXVariantGroup;
			children = (
				0574050F1641126000807130 /* en */,
			);
			name = ViewController.xib;
			sourceTree = "<group>";
		};
/* End PBXVariantGroup section */

/* Begin XCBuildConfiguration section */
		057405111641126000807130 /* Debug */ = {
			isa = XCBuildConfiguration;
			buildSettings = {
				ALWAYS_SEARCH_USER_PATHS = NO;
				ARCHS = "$(ARCHS_STANDARD_32_BIT)";
				"CODE_SIGN_IDENTITY[sdk=iphoneos*]" = "iPhone Developer";
				COPY_PHASE_STRIP = NO;
				GCC_C_LANGUAGE_STANDARD = gnu99;
				GCC_DYNAMIC_NO_PIC = NO;
				GCC_OPTIMIZATION_LEVEL = 0;
				GCC_PREPROCESSOR_DEFINITIONS = (
					"DEBUG=1",
					"$(inherited)",
				);
				GCC_SYMBOLS_PRIVATE_EXTERN = NO;
				GCC_VERSION = com.apple.compilers.llvm.clang.1_0;
				GCC_WARN_ABOUT_MISSING_PROTOTYPES = YES;
				GCC_WARN_ABOUT_RETURN_TYPE = YES;
				GCC_WARN_UNUSED_VARIABLE = YES;
				IPHONEOS_DEPLOYMENT_TARGET = 4.0;
				OTHER_LDFLAGS = "-fobjc-arc";
				SDKROOT = iphoneos;
			};
			name = Debug;
		};
		057405121641126000807130 /* Release */ = {
			isa = XCBuildConfiguration;
			buildSettings = {
				ALWAYS_SEARCH_USER_PATHS = NO;
				ARCHS = "$(ARCHS_STANDARD_32_BIT)";
				"CODE_SIGN_IDENTITY[sdk=iphoneos*]" = "iPhone Developer";
				COPY_PHASE_STRIP = YES;
				GCC_C_LANGUAGE_STANDARD = gnu99;
				GCC_VERSION = com.apple.compilers.llvm.clang.1_0;
				GCC_WARN_ABOUT_MISSING_PROTOTYPES = YES;
				GCC_WARN_ABOUT_RETURN_TYPE = YES;
				GCC_WARN_UNUSED_VARIABLE = YES;
				IPHONEOS_DEPLOYMENT_TARGET = 4.0;
				OTHER_CFLAGS = "-DNS_BLOCK_ASSERTIONS=1";
				OTHER_LDFLAGS = "-fobjc-arc";
				SDKROOT = iphoneos;
				VALIDATE_PRODUCT = YES;
			};
			name = Release;
		};
		057405141641126000807130 /* Debug */ = {
			isa = XCBuildConfiguration;
			buildSettings = {
				GCC_PRECOMPILE_PREFIX_HEADER = YES;
				GCC_PREFIX_HEADER = "BaseSample/BaseSample-Prefix.pch";
				INFOPLIST_FILE = "BaseSample/BaseSample-Info.plist";
				PRODUCT_NAME = "$(TARGET_NAME)";
				WRAPPER_EXTENSION = app;
			};
			name = Debug;
		};
		057405151641126000807130 /* Release */ = {
			isa = XCBuildConfiguration;
			buildSettings = {
				GCC_PRECOMPILE_PREFIX_HEADER = YES;
				GCC_PREFIX_HEADER = "BaseSample/BaseSample-Prefix.pch";
				INFOPLIST_FILE = "BaseSample/BaseSample-Info.plist";
				PRODUCT_NAME = "$(TARGET_NAME)";
				WRAPPER_EXTENSION = app;
			};
			name = Release;
		};
/* End XCBuildConfiguration section */

/* Begin XCConfigurationList section */
		057404EF1641126000807130 /* Build configuration list for PBXProject "BaseSample" */ = {
			isa = XCConfigurationList;
			buildConfigurations = (
				057405111641126000807130 /* Debug */,
				057405121641126000807130 /* Release */,
			);
			defaultConfigurationIsVisible = 0;
			defaultConfigurationName = Release;
		};
		057405131641126000807130 /* Build configuration list for PBXNativeTarget "BaseSample" */ = {
			isa = XCConfigurationList;
			buildConfigurations = (
				057405141641126000807130 /* Debug */,
				057405151641126000807130 /* Release */,
			);
			defaultConfigurationIsVisible = 0;
			defaultConfigurationName = Release;
		};
/* End XCConfigurationList section */
	};
	rootObject = 057404EC1641126000807130 /* Project object */;
}
